
Microsoft Visual Studio Solution File, Format Version 12.00
# Visual Studio Version 16
VisualStudioVersion = 16.0.30804.86
MinimumVisualStudioVersion = 10.0.40219.1
Project("{9A19103F-16F7-4668-BE54-9A1E7A4F7556}") = "KampIntro", "KampIntro\KampIntro.csproj", "{CFF9C75B-9865-4483-8297-1EA2A671F544}"
EndProject
Project("{9A19103F-16F7-4668-BE54-9A1E7A4F7556}") = "Donguler", "Donguler\Donguler.csproj", "{03BE7789-EA0E-4A77-9AC7-331BE24BE4E5}"
EndProject
Project("{9A19103F-16F7-4668-BE54-9A1E7A4F7556}") = "ClassIntro", "ClassIntro\ClassIntro.csproj", "{785D835C-94AB-4F83-8800-9AB87229F30D}"
EndProject
Project("{9A19103F-16F7-4668-BE54-9A1E7A4F7556}") = "ConsoleApp1", "ConsoleApp1\ConsoleApp1.csproj", "{0F9F7CB8-8EB8-491F-8EF3-73729C749D21}"
EndProject
Project("{9A19103F-16F7-4668-BE54-9A1E7A4F7556}") = "Metotlar", "Metodlar\Metotlar.csproj", "{A26BE2EC-B736-49A8-8AC0-F767F7871806}"
EndProject
Project("{9A19103F-16F7-4668-BE54-9A1E7A4F7556}") = "Matematik", "Matematik\Matematik.csproj", "{CDC3DD70-F5E4-41FD-85C2-753FEA93EDEF}"
EndProject
Project("{9A19103F-16F7-4668-BE54-9A1E7A4F7556}") = "DeğerVeReferansTipler", "DeğerVeReferansTipler\DeğerVeReferansTipler.csproj", "{F8A8FFF0-AC7C-45D1-A5BE-44AB02B7C24D}"
EndProject
Project("{FAE04EC0-301F-11D3-BF4B-00C04F79EFBC}") = "OOP1", "OOP1\OOP1.csproj", "{D7CA5BBC-EC63-40DC-8CB8-2652CD2B1654}"
EndProject
Project("{FAE04EC0-301F-11D3-BF4B-00C04F79EFBC}") = "Koleksiyonlar", "Koleksiyonlar\Koleksiyonlar.csproj", "{B58941C8-0649-446B-B6D1-66D32661E144}"
EndProject
Project("{FAE04EC0-301F-11D3-BF4B-00C04F79EFBC}") = "GenericsIntro", "GenericsIntro\GenericsIntro.csproj", "{AB8229C2-D2B5-48E7-93C3-D95CE03AE555}"
EndProject
Global
	GlobalSection(SolutionConfigurationPlatforms) = preSolution
		Debug|Any CPU = Debug|Any CPU
		Release|Any CPU = Release|Any CPU
	EndGlobalSection
	GlobalSection(ProjectConfigurationPlatforms) = postSolution
		{CFF9C75B-9865-4483-8297-1EA2A671F544}.Debug|Any CPU.ActiveCfg = Debug|Any CPU
		{CFF9C75B-9865-4483-8297-1EA2A671F544}.Debug|Any CPU.Build.0 = Debug|Any CPU
		{CFF9C75B-9865-4483-8297-1EA2A671F544}.Release|Any CPU.ActiveCfg = Release|Any CPU
		{CFF9C75B-9865-4483-8297-1EA2A671F544}.Release|Any CPU.Build.0 = Release|Any CPU
		{03BE7789-EA0E-4A77-9AC7-331BE24BE4E5}.Debug|Any CPU.ActiveCfg = Debug|Any CPU
		{03BE7789-EA0E-4A77-9AC7-331BE24BE4E5}.Debug|Any CPU.Build.0 = Debug|Any CPU
		{03BE7789-EA0E-4A77-9AC7-331BE24BE4E5}.Release|Any CPU.ActiveCfg = Release|Any CPU
		{03BE7789-EA0E-4A77-9AC7-331BE24BE4E5}.Release|Any CPU.Build.0 = Release|Any CPU
		{785D835C-94AB-4F83-8800-9AB87229F30D}.Debug|Any CPU.ActiveCfg = Debug|Any CPU
		{785D835C-94AB-4F83-8800-9AB87229F30D}.Debug|Any CPU.Build.0 = Debug|Any CPU
		{785D835C-94AB-4F83-8800-9AB87229F30D}.Release|Any CPU.ActiveCfg = Release|Any CPU
		{785D835C-94AB-4F83-8800-9AB87229F30D}.Release|Any CPU.Build.0 = Release|Any CPU
		{0F9F7CB8-8EB8-491F-8EF3-73729C749D21}.Debug|Any CPU.ActiveCfg = Debug|Any CPU
		{0F9F7CB8-8EB8-491F-8EF3-73729C749D21}.Debug|Any CPU.Build.0 = Debug|Any CPU
		{0F9F7CB8-8EB8-491F-8EF3-73729C749D21}.Release|Any CPU.ActiveCfg = Release|Any CPU
		{0F9F7CB8-8EB8-491F-8EF3-73729C749D21}.Release|Any CPU.Build.0 = Release|Any CPU
		{A26BE2EC-B736-49A8-8AC0-F767F7871806}.Debug|Any CPU.ActiveCfg = Debug|Any CPU
		{A26BE2EC-B736-49A8-8AC0-F767F7871806}.Debug|Any CPU.Build.0 = Debug|Any CPU
		{A26BE2EC-B736-49A8-8AC0-F767F7871806}.Release|Any CPU.ActiveCfg = Release|Any CPU
		{A26BE2EC-B736-49A8-8AC0-F767F7871806}.Release|Any CPU.Build.0 = Release|Any CPU
		{CDC3DD70-F5E4-41FD-85C2-753FEA93EDEF}.Debug|Any CPU.ActiveCfg = Debug|Any CPU
		{CDC3DD70-F5E4-41FD-85C2-753FEA93EDEF}.Debug|Any CPU.Build.0 = Debug|Any CPU
		{CDC3DD70-F5E4-41FD-85C2-753FEA93EDEF}.Release|Any CPU.ActiveCfg = Release|Any CPU
		{CDC3DD70-F5E4-41FD-85C2-753FEA93EDEF}.Release|Any CPU.Build.0 = Release|Any CPU
		{F8A8FFF0-AC7C-45D1-A5BE-44AB02B7C24D}.Debug|Any CPU.ActiveCfg = Debug|Any CPU
		{F8A8FFF0-AC7C-45D1-A5BE-44AB02B7C24D}.Debug|Any CPU.Build.0 = Debug|Any CPU
		{F8A8FFF0-AC7C-45D1-A5BE-44AB02B7C24D}.Release|Any CPU.ActiveCfg = Release|Any CPU
		{F8A8FFF0-AC7C-45D1-A5BE-44AB02B7C24D}.Release|Any CPU.Build.0 = Release|Any CPU
		{D7CA5BBC-EC63-40DC-8CB8-2652CD2B1654}.Debug|Any CPU.ActiveCfg = Debug|Any CPU
		{D7CA5BBC-EC63-40DC-8CB8-2652CD2B1654}.Debug|Any CPU.Build.0 = Debug|Any CPU
		{D7CA5BBC-EC63-40DC-8CB8-2652CD2B1654}.Release|Any CPU.ActiveCfg = Release|Any CPU
		{D7CA5BBC-EC63-40DC-8CB8-2652CD2B1654}.Release|Any CPU.Build.0 = Release|Any CPU
		{B58941C8-0649-446B-B6D1-66D32661E144}.Debug|Any CPU.ActiveCfg = Debug|Any CPU
		{B58941C8-0649-446B-B6D1-66D32661E144}.Debug|Any CPU.Build.0 = Debug|Any CPU
		{B58941C8-0649-446B-B6D1-66D32661E144}.Release|Any CPU.ActiveCfg = Release|Any CPU
		{B58941C8-0649-446B-B6D1-66D32661E144}.Release|Any CPU.Build.0 = Release|Any CPU
		{AB8229C2-D2B5-48E7-93C3-D95CE03AE555}.Debug|Any CPU.ActiveCfg = Debug|Any CPU
		{AB8229C2-D2B5-48E7-93C3-D95CE03AE555}.Debug|Any CPU.Build.0 = Debug|Any CPU
		{AB8229C2-D2B5-48E7-93C3-D95CE03AE555}.Release|Any CPU.ActiveCfg = Release|Any CPU
		{AB8229C2-D2B5-48E7-93C3-D95CE03AE555}.Release|Any CPU.Build.0 = Release|Any CPU
	EndGlobalSection
	GlobalSection(SolutionProperties) = preSolution
		HideSolutionNode = FALSE
	EndGlobalSection
	GlobalSection(ExtensibilityGlobals) = postSolution
		SolutionGuid = {FF065B7D-9C55-4924-BF97-9EEC4A707AA2}
	EndGlobalSection
EndGlobal
